
Microsoft Visual Studio Solution File, Format Version 12.00
# Visual Studio Version 16
VisualStudioVersion = 16.0.29920.165
MinimumVisualStudioVersion = 10.0.40219.1
Project("{FAE04EC0-301F-11D3-BF4B-00C04F79EFBC}") = "VlasniciParcelaApp", "VlasniciParcelaApp\VlasniciParcelaApp.csproj", "{971D2ACA-AA9D-487D-A8BC-C4B557FE4CB6}"
EndProject
Global
	GlobalSection(SolutionConfigurationPlatforms) = preSolution
		Debug|Any CPU = Debug|Any CPU
		Release|Any CPU = Release|Any CPU
	EndGlobalSection
	GlobalSection(ProjectConfigurationPlatforms) = postSolution
		{971D2ACA-AA9D-487D-A8BC-C4B557FE4CB6}.Debug|Any CPU.ActiveCfg = Debug|Any CPU
		{971D2ACA-AA9D-487D-A8BC-C4B557FE4CB6}.Debug|Any CPU.Build.0 = Debug|Any CPU
		{971D2ACA-AA9D-487D-A8BC-C4B557FE4CB6}.Release|Any CPU.ActiveCfg = Release|Any CPU
		{971D2ACA-AA9D-487D-A8BC-C4B557FE4CB6}.Release|Any CPU.Build.0 = Release|Any CPU
	EndGlobalSection
	GlobalSection(SolutionProperties) = preSolution
		HideSolutionNode = FALSE
	EndGlobalSection
	GlobalSection(ExtensibilityGlobals) = postSolution
		SolutionGuid = {32C90239-7F76-446E-938C-2AB48EBB1AEA}
	EndGlobalSection
EndGlobal
